%{
  "avrora": {:hex, :avrora, "0.26.0", "860f4ef386ffc685144f5fb7fcf2976f7896adb22382cbc46e11fcb6b583a132", [:mix], [{:erlavro, "~> 2.9.3", [hex: :erlavro, repo: "hexpm", optional: false]}, {:jason, "~> 1.0", [hex: :jason, repo: "hexpm", optional: false]}], "hexpm", "01a93a195b1408e056a57445916760613c25a0cf2ecf455a05bc881383f492e2"},
  "brod": {:hex, :brod, "3.16.5", "c1ef9264bdc8d72e8f5b82234f1ad7f05c82f769851ed85393376a0d4b430812", [:rebar3], [{:kafka_protocol, "4.1.0", [hex: :kafka_protocol, repo: "hexpm", optional: false]}, {:snappyer, "1.2.8", [hex: :snappyer, repo: "hexpm", optional: false]}, {:supervisor3, "1.1.11", [hex: :supervisor3, repo: "hexpm", optional: false]}], "hexpm", "fad2d9c644ccdc6cda25dd96cee78376261f053e28ca0403f787338f4b20cc40"},
  "cowboy": {:hex, :cowboy, "2.10.0", "ff9ffeff91dae4ae270dd975642997afe2a1179d94b1887863e43f681a203e26", [:make, :rebar3], [{:cowlib, "2.12.1", [hex: :cowlib, repo: "hexpm", optional: false]}, {:ranch, "1.8.0", [hex: :ranch, repo: "hexpm", optional: false]}], "hexpm", "3afdccb7183cc6f143cb14d3cf51fa00e53db9ec80cdcd525482f5e99bc41d6b"},
  "cowlib": {:hex, :cowlib, "2.12.1", "a9fa9a625f1d2025fe6b462cb865881329b5caff8f1854d1cbc9f9533f00e1e1", [:make, :rebar3], [], "hexpm", "163b73f6367a7341b33c794c4e88e7dbfe6498ac42dcd69ef44c5bc5507c8db0"},
  "crc32cer": {:hex, :crc32cer, "0.1.8", "c6c2275c5fb60a95f4935d414f30b50ee9cfed494081c9b36ebb02edfc2f48db", [:rebar3], [], "hexpm", "251499085482920deb6c9b7aadabf9fb4c432f96add97ab42aee4501e5b6f591"},
  "erlavro": {:hex, :erlavro, "2.9.8", "9b9c0eff6dc1c708a277b4143c0020659c42bcd634d0d7237c6435fb0c2f3266", [:make, :rebar3], [{:jsone, "1.4.6", [hex: :jsone, repo: "hexpm", optional: false]}, {:snappyer, "1.2.8", [hex: :snappyer, repo: "hexpm", optional: false]}], "hexpm", "7182c539f408633927b30380aa6123ea3e4b9a04c2bc752f0fe227ef5e9c3a70"},
  "google_protos": {:hex, :google_protos, "0.3.0", "15faf44dce678ac028c289668ff56548806e313e4959a3aaf4f6e1ebe8db83f4", [:mix], [{:protobuf, "~> 0.10", [hex: :protobuf, repo: "hexpm", optional: false]}], "hexpm", "1f6b7fb20371f72f418b98e5e48dae3e022a9a6de1858d4b254ac5a5d0b4035f"},
  "grpc": {:hex, :grpc, "0.5.0", "a44cb306625a52fa31a2189ce91b40d24e82569568f0cc214c1e1e0faf54f58a", [:mix], [{:cowboy, "~> 2.9", [hex: :cowboy, repo: "hexpm", optional: false]}, {:cowlib, "~> 2.11", [hex: :cowlib, repo: "hexpm", optional: false]}, {:gun, "~> 2.0.1", [hex: :grpc_gun, repo: "hexpm", optional: false]}], "hexpm", "17b98593fdb1a65be7b2722821266627b3f2fba29bbbd7d0945389427c0d0d5f"},
  "gun": {:hex, :grpc_gun, "2.0.1", "221b792df3a93e8fead96f697cbaf920120deacced85c6cd3329d2e67f0871f8", [:rebar3], [{:cowlib, "~> 2.11", [hex: :cowlib, repo: "hexpm", optional: false]}], "hexpm", "795a65eb9d0ba16697e6b0e1886009ce024799e43bb42753f0c59b029f592831"},
  "jason": {:hex, :jason, "1.4.0", "e855647bc964a44e2f67df589ccf49105ae039d4179db7f6271dfd3843dc27e6", [:mix], [{:decimal, "~> 1.0 or ~> 2.0", [hex: :decimal, repo: "hexpm", optional: true]}], "hexpm", "79a3791085b2a0f743ca04cec0f7be26443738779d09302e01318f97bdb82121"},
  "jsone": {:hex, :jsone, "1.4.6", "644d6d57befb22c8e19b324dee19d73b1c004565009861a8f64c68b7b9e64dbf", [:rebar3], [], "hexpm", "78eee8bb38f0bee2e73673d71bc75fc6fb01f56f0d23e769a26eee3655487a38"},
  "kaffe": {:hex, :kaffe, "1.22.0", "45ef6da2b8619f6306893fb3783bd8ba2aef8f48408331fdf69041e457e0bbba", [:mix], [{:brod, "~> 3.0", [hex: :brod, repo: "hexpm", optional: false]}, {:retry, "~> 0.15.0", [hex: :retry, repo: "hexpm", optional: false]}], "hexpm", "f1deb8cad6fde2d8b39150e4c55ec29e1ad9bbfa8998c0995a510d1bd121d657"},
  "kafka_protocol": {:hex, :kafka_protocol, "4.1.0", "53fac8866969484f783bff204bd4e41e62a97ce9753c83f802a08d5bfc0e0c4c", [:rebar3], [{:crc32cer, "0.1.8", [hex: :crc32cer, repo: "hexpm", optional: false]}], "hexpm", "61cb8b80199bf95122cf8073e0f4c0ad62f82515b4d44c54f946a5972c3f5fa5"},
  "libcluster": {:hex, :libcluster, "3.3.2", "84c6ebfdc72a03805955abfb5ff573f71921a3e299279cc3445445d5af619ad1", [:mix], [{:jason, "~> 1.1", [hex: :jason, repo: "hexpm", optional: false]}], "hexpm", "8b691ce8185670fc8f3fc0b7ed59eff66c6889df890d13411f8f1a0e6871d8a5"},
  "protobuf": {:hex, :protobuf, "0.12.0", "58c0dfea5f929b96b5aa54ec02b7130688f09d2de5ddc521d696eec2a015b223", [:mix], [{:jason, "~> 1.2", [hex: :jason, repo: "hexpm", optional: true]}], "hexpm", "75fa6cbf262062073dd51be44dd0ab940500e18386a6c4e87d5819a58964dc45"},
  "ranch": {:hex, :ranch, "1.8.0", "8c7a100a139fd57f17327b6413e4167ac559fbc04ca7448e9be9057311597a1d", [:make, :rebar3], [], "hexpm", "49fbcfd3682fab1f5d109351b61257676da1a2fdbe295904176d5e521a2ddfe5"},
  "retry": {:hex, :retry, "0.15.0", "ba6aaeba92905a396c18c299a07e638947b2ba781e914f803202bc1b9ae867c3", [:mix], [], "hexpm", "93d3310bce78c0a30cc94610684340a14adfc9136856a3f662e4d9ce6013c784"},
  "snappyer": {:hex, :snappyer, "1.2.8", "201ce9067a33c71a6a5087c0c3a49a010b17112d461e6df696c722dcb6d0934a", [:rebar3], [], "hexpm", "35518e79a28548b56d8fd6aee2f565f12f51c2d3d053f9cfa817c83be88c4f3d"},
  "supervisor3": {:hex, :supervisor3, "1.1.11", "d81cdec31d102fde407423e1d05b569572850deebed86b951d5233c387cba80b", [:rebar3], [], "hexpm", "e6c2dedbcabcba24995a218aca12db5e208b80d3252692b22ef0f1a266104b50"},
}
